
Microsoft Visual Studio Solution File, Format Version 12.00
# Visual Studio 15
VisualStudioVersion = 15.0.28010.2003
MinimumVisualStudioVersion = 10.0.40219.1
Project("{FAE04EC0-301F-11D3-BF4B-00C04F79EFBC}") = "OnionMessanger.Domains", "OnionMessanger.Domains\OnionMessanger.Domains.csproj", "{A81A9002-3059-492B-8A99-F0719D19AC79}"
EndProject
Project("{FAE04EC0-301F-11D3-BF4B-00C04F79EFBC}") = "OnionMessenger.WebApi", "OnionMessenger.WebApi\OnionMessenger.WebApi.csproj", "{8C702404-8C5C-4577-AF91-9F2B397F87C6}"
	ProjectSection(ProjectDependencies) = postProject
		{A81A9002-3059-492B-8A99-F0719D19AC79} = {A81A9002-3059-492B-8A99-F0719D19AC79}
		{F8E9BA78-52DC-4FB6-A843-FDB9CB4D22ED} = {F8E9BA78-52DC-4FB6-A843-FDB9CB4D22ED}
		{07DB36AD-35E8-4B93-89B7-2D4F40DE689B} = {07DB36AD-35E8-4B93-89B7-2D4F40DE689B}
	EndProjectSection
EndProject
Project("{FAE04EC0-301F-11D3-BF4B-00C04F79EFBC}") = "OnionMessenger.Logic", "OnionMessenger.Logic\OnionMessenger.Logic.csproj", "{07DB36AD-35E8-4B93-89B7-2D4F40DE689B}"
	ProjectSection(ProjectDependencies) = postProject
		{A81A9002-3059-492B-8A99-F0719D19AC79} = {A81A9002-3059-492B-8A99-F0719D19AC79}
	EndProjectSection
EndProject
Project("{FAE04EC0-301F-11D3-BF4B-00C04F79EFBC}") = "OnionMessenger.DataAccess", "OnionMessenger.DataAccess\OnionMessenger.DataAccess.csproj", "{F8E9BA78-52DC-4FB6-A843-FDB9CB4D22ED}"
EndProject
Project("{FAE04EC0-301F-11D3-BF4B-00C04F79EFBC}") = "OnionMessenger.Infrastructure", "OnionMessenger.Infrastructure\OnionMessenger.Infrastructure.csproj", "{A6871FF0-8956-4866-A192-C3A28160D3C4}"
EndProject
Project("{FAE04EC0-301F-11D3-BF4B-00C04F79EFBC}") = "OnionMessenger.UnitTests", "OnionMessenger.UnitTests\OnionMessenger.UnitTests.csproj", "{41DB7DB1-FD09-4497-B123-A0BE571DFB6C}"
EndProject
Global
	GlobalSection(SolutionConfigurationPlatforms) = preSolution
		Debug|Any CPU = Debug|Any CPU
		Release|Any CPU = Release|Any CPU
	EndGlobalSection
	GlobalSection(ProjectConfigurationPlatforms) = postSolution
		{A81A9002-3059-492B-8A99-F0719D19AC79}.Debug|Any CPU.ActiveCfg = Debug|Any CPU
		{A81A9002-3059-492B-8A99-F0719D19AC79}.Debug|Any CPU.Build.0 = Debug|Any CPU
		{A81A9002-3059-492B-8A99-F0719D19AC79}.Release|Any CPU.ActiveCfg = Release|Any CPU
		{A81A9002-3059-492B-8A99-F0719D19AC79}.Release|Any CPU.Build.0 = Release|Any CPU
		{8C702404-8C5C-4577-AF91-9F2B397F87C6}.Debug|Any CPU.ActiveCfg = Debug|Any CPU
		{8C702404-8C5C-4577-AF91-9F2B397F87C6}.Debug|Any CPU.Build.0 = Debug|Any CPU
		{8C702404-8C5C-4577-AF91-9F2B397F87C6}.Release|Any CPU.ActiveCfg = Release|Any CPU
		{8C702404-8C5C-4577-AF91-9F2B397F87C6}.Release|Any CPU.Build.0 = Release|Any CPU
		{07DB36AD-35E8-4B93-89B7-2D4F40DE689B}.Debug|Any CPU.ActiveCfg = Debug|Any CPU
		{07DB36AD-35E8-4B93-89B7-2D4F40DE689B}.Debug|Any CPU.Build.0 = Debug|Any CPU
		{07DB36AD-35E8-4B93-89B7-2D4F40DE689B}.Release|Any CPU.ActiveCfg = Release|Any CPU
		{07DB36AD-35E8-4B93-89B7-2D4F40DE689B}.Release|Any CPU.Build.0 = Release|Any CPU
		{F8E9BA78-52DC-4FB6-A843-FDB9CB4D22ED}.Debug|Any CPU.ActiveCfg = Debug|Any CPU
		{F8E9BA78-52DC-4FB6-A843-FDB9CB4D22ED}.Debug|Any CPU.Build.0 = Debug|Any CPU
		{F8E9BA78-52DC-4FB6-A843-FDB9CB4D22ED}.Release|Any CPU.ActiveCfg = Release|Any CPU
		{F8E9BA78-52DC-4FB6-A843-FDB9CB4D22ED}.Release|Any CPU.Build.0 = Release|Any CPU
		{A6871FF0-8956-4866-A192-C3A28160D3C4}.Debug|Any CPU.ActiveCfg = Debug|Any CPU
		{A6871FF0-8956-4866-A192-C3A28160D3C4}.Debug|Any CPU.Build.0 = Debug|Any CPU
		{A6871FF0-8956-4866-A192-C3A28160D3C4}.Release|Any CPU.ActiveCfg = Release|Any CPU
		{A6871FF0-8956-4866-A192-C3A28160D3C4}.Release|Any CPU.Build.0 = Release|Any CPU
		{41DB7DB1-FD09-4497-B123-A0BE571DFB6C}.Debug|Any CPU.ActiveCfg = Debug|Any CPU
		{41DB7DB1-FD09-4497-B123-A0BE571DFB6C}.Debug|Any CPU.Build.0 = Debug|Any CPU
		{41DB7DB1-FD09-4497-B123-A0BE571DFB6C}.Release|Any CPU.ActiveCfg = Release|Any CPU
		{41DB7DB1-FD09-4497-B123-A0BE571DFB6C}.Release|Any CPU.Build.0 = Release|Any CPU
	EndGlobalSection
	GlobalSection(SolutionProperties) = preSolution
		HideSolutionNode = FALSE
	EndGlobalSection
	GlobalSection(ExtensibilityGlobals) = postSolution
		SolutionGuid = {A68BC305-864E-4DB5-B1C9-E7936E184222}
	EndGlobalSection
EndGlobal
